
Microsoft Visual Studio Solution File, Format Version 12.00
# Visual Studio 15
VisualStudioVersion = 15.0.27924.0
MinimumVisualStudioVersion = 10.0.40219.1
Project("{FAE04EC0-301F-11D3-BF4B-00C04F79EFBC}") = "AntiTamperKiller", "AntiTamperKiller\AntiTamperKiller.csproj", "{3FEF0836-A692-4C86-8C1A-847561472830}"
EndProject
Project("{FAE04EC0-301F-11D3-BF4B-00C04F79EFBC}") = "dnlib", "Libraries\dnlib\src\dnlib.csproj", "{FDFC1237-143F-4919-8318-4926901F4639}"
EndProject
Global
	GlobalSection(SolutionConfigurationPlatforms) = preSolution
		Debug|Any CPU = Debug|Any CPU
		Release|Any CPU = Release|Any CPU
	EndGlobalSection
	GlobalSection(ProjectConfigurationPlatforms) = postSolution
		{3FEF0836-A692-4C86-8C1A-847561472830}.Debug|Any CPU.ActiveCfg = Debug|Any CPU
		{3FEF0836-A692-4C86-8C1A-847561472830}.Debug|Any CPU.Build.0 = Debug|Any CPU
		{3FEF0836-A692-4C86-8C1A-847561472830}.Release|Any CPU.ActiveCfg = Release|Any CPU
		{3FEF0836-A692-4C86-8C1A-847561472830}.Release|Any CPU.Build.0 = Release|Any CPU
		{FDFC1237-143F-4919-8318-4926901F4639}.Debug|Any CPU.ActiveCfg = Debug|Any CPU
		{FDFC1237-143F-4919-8318-4926901F4639}.Debug|Any CPU.Build.0 = Debug|Any CPU
		{FDFC1237-143F-4919-8318-4926901F4639}.Release|Any CPU.ActiveCfg = Release|Any CPU
		{FDFC1237-143F-4919-8318-4926901F4639}.Release|Any CPU.Build.0 = Release|Any CPU
	EndGlobalSection
	GlobalSection(SolutionProperties) = preSolution
		HideSolutionNode = FALSE
	EndGlobalSection
	GlobalSection(ExtensibilityGlobals) = postSolution
		SolutionGuid = {19F53293-8F4D-49B4-B53B-CF477E6F38D3}
	EndGlobalSection
EndGlobal
